
Microsoft Visual Studio Solution File, Format Version 12.00
# Visual Studio Version 16
VisualStudioVersion = 16.0.33328.57
MinimumVisualStudioVersion = 10.0.40219.1
Project("{FAE04EC0-301F-11D3-BF4B-00C04F79EFBC}") = "GGM_VS_qorwns", "GGM_VS_qorwns\GGM_VS_qorwns.csproj", "{A6417CC9-93BA-496D-9972-CA119B81A4C7}"
EndProject
Global
	GlobalSection(SolutionConfigurationPlatforms) = preSolution
		Debug|Any CPU = Debug|Any CPU
		Release|Any CPU = Release|Any CPU
	EndGlobalSection
	GlobalSection(ProjectConfigurationPlatforms) = postSolution
		{A6417CC9-93BA-496D-9972-CA119B81A4C7}.Debug|Any CPU.ActiveCfg = Debug|Any CPU
		{A6417CC9-93BA-496D-9972-CA119B81A4C7}.Debug|Any CPU.Build.0 = Debug|Any CPU
		{A6417CC9-93BA-496D-9972-CA119B81A4C7}.Release|Any CPU.ActiveCfg = Release|Any CPU
		{A6417CC9-93BA-496D-9972-CA119B81A4C7}.Release|Any CPU.Build.0 = Release|Any CPU
	EndGlobalSection
	GlobalSection(SolutionProperties) = preSolution
		HideSolutionNode = FALSE
	EndGlobalSection
	GlobalSection(ExtensibilityGlobals) = postSolution
		SolutionGuid = {74D94478-73F0-4188-84DC-3B903154AADE}
	EndGlobalSection
EndGlobal
